
Microsoft Visual Studio Solution File, Format Version 12.00
# Visual Studio 14
VisualStudioVersion = 14.0.25420.1
MinimumVisualStudioVersion = 10.0.40219.1
Project("{FAE04EC0-301F-11D3-BF4B-00C04F79EFBC}") = "ManagementStudioLab", "ManagementStudioLab\ManagementStudioLab.csproj", "{80ECE474-D6DE-45EE-A20A-B4FDE484F625}"
EndProject
Project("{FAE04EC0-301F-11D3-BF4B-00C04F79EFBC}") = "IntroEntityExercise", "IntroEntityExercise\IntroEntityExercise.csproj", "{A8EE257C-415D-4805-978E-9C2E55F50CCE}"
EndProject
Global
	GlobalSection(SolutionConfigurationPlatforms) = preSolution
		Debug|Any CPU = Debug|Any CPU
		Release|Any CPU = Release|Any CPU
	EndGlobalSection
	GlobalSection(ProjectConfigurationPlatforms) = postSolution
		{80ECE474-D6DE-45EE-A20A-B4FDE484F625}.Debug|Any CPU.ActiveCfg = Debug|Any CPU
		{80ECE474-D6DE-45EE-A20A-B4FDE484F625}.Debug|Any CPU.Build.0 = Debug|Any CPU
		{80ECE474-D6DE-45EE-A20A-B4FDE484F625}.Release|Any CPU.ActiveCfg = Release|Any CPU
		{80ECE474-D6DE-45EE-A20A-B4FDE484F625}.Release|Any CPU.Build.0 = Release|Any CPU
		{A8EE257C-415D-4805-978E-9C2E55F50CCE}.Debug|Any CPU.ActiveCfg = Debug|Any CPU
		{A8EE257C-415D-4805-978E-9C2E55F50CCE}.Debug|Any CPU.Build.0 = Debug|Any CPU
		{A8EE257C-415D-4805-978E-9C2E55F50CCE}.Release|Any CPU.ActiveCfg = Release|Any CPU
		{A8EE257C-415D-4805-978E-9C2E55F50CCE}.Release|Any CPU.Build.0 = Release|Any CPU
	EndGlobalSection
	GlobalSection(SolutionProperties) = preSolution
		HideSolutionNode = FALSE
	EndGlobalSection
EndGlobal
